
Microsoft Visual Studio Solution File, Format Version 12.00
Project("{2150E333-8FDC-42A3-9474-1A3956D46DE8}") = "src", "src", "{72812B90-8351-4296-8F06-E44C8982CDD2}"
EndProject
Project("{2150E333-8FDC-42A3-9474-1A3956D46DE8}") = "tests", "tests", "{11BAD609-DA07-4766-9A31-120AC5D36B2C}"
EndProject
Project("{FAE04EC0-301F-11D3-BF4B-00C04F79EFBC}") = "Application", "Application\Application.csproj", "{07659B0C-1542-4265-BF9A-7294EBB26EC2}"
EndProject
Project("{FAE04EC0-301F-11D3-BF4B-00C04F79EFBC}") = "Domain", "Domain\Domain.csproj", "{DA7F0C73-50DE-4414-8C38-BA7BF8642FF9}"
EndProject
Project("{FAE04EC0-301F-11D3-BF4B-00C04F79EFBC}") = "Infrastructure", "Infrastructure\Infrastructure.csproj", "{64F33271-C684-4AC8-A8D7-6AE8DB8500A7}"
EndProject
Project("{FAE04EC0-301F-11D3-BF4B-00C04F79EFBC}") = "Web", "Web\Web.csproj", "{C90EA84B-D4E3-4558-98A7-BA688D947350}"
EndProject
Project("{FAE04EC0-301F-11D3-BF4B-00C04F79EFBC}") = "Application.UnitTests", "Application.UnitTests\Application.UnitTests.csproj", "{8D74646F-34BE-4CE7-AC58-DA59BDEDCEDD}"
EndProject
Project("{FAE04EC0-301F-11D3-BF4B-00C04F79EFBC}") = "Domain.UnitTests", "Domain.UnitTests\Domain.UnitTests.csproj", "{E0721196-4E8E-4559-9956-A8CD384C1602}"
EndProject
Project("{2150E333-8FDC-42A3-9474-1A3956D46DE8}") = "Solution Items", "Solution Items", "{CA3C1E3E-01CD-460A-A7CE-1481934B71CF}"
	ProjectSection(SolutionItems) = preProject
		.gitignore = .gitignore
		secrets-example.json = secrets-example.json
		secrets.json = secrets.json
	EndProjectSection
EndProject
Global
	GlobalSection(SolutionConfigurationPlatforms) = preSolution
		Debug|Any CPU = Debug|Any CPU
		Release|Any CPU = Release|Any CPU
	EndGlobalSection
	GlobalSection(ProjectConfigurationPlatforms) = postSolution
		{07659B0C-1542-4265-BF9A-7294EBB26EC2}.Debug|Any CPU.ActiveCfg = Debug|Any CPU
		{07659B0C-1542-4265-BF9A-7294EBB26EC2}.Debug|Any CPU.Build.0 = Debug|Any CPU
		{07659B0C-1542-4265-BF9A-7294EBB26EC2}.Release|Any CPU.ActiveCfg = Release|Any CPU
		{07659B0C-1542-4265-BF9A-7294EBB26EC2}.Release|Any CPU.Build.0 = Release|Any CPU
		{DA7F0C73-50DE-4414-8C38-BA7BF8642FF9}.Debug|Any CPU.ActiveCfg = Debug|Any CPU
		{DA7F0C73-50DE-4414-8C38-BA7BF8642FF9}.Debug|Any CPU.Build.0 = Debug|Any CPU
		{DA7F0C73-50DE-4414-8C38-BA7BF8642FF9}.Release|Any CPU.ActiveCfg = Release|Any CPU
		{DA7F0C73-50DE-4414-8C38-BA7BF8642FF9}.Release|Any CPU.Build.0 = Release|Any CPU
		{64F33271-C684-4AC8-A8D7-6AE8DB8500A7}.Debug|Any CPU.ActiveCfg = Debug|Any CPU
		{64F33271-C684-4AC8-A8D7-6AE8DB8500A7}.Debug|Any CPU.Build.0 = Debug|Any CPU
		{64F33271-C684-4AC8-A8D7-6AE8DB8500A7}.Release|Any CPU.ActiveCfg = Release|Any CPU
		{64F33271-C684-4AC8-A8D7-6AE8DB8500A7}.Release|Any CPU.Build.0 = Release|Any CPU
		{C90EA84B-D4E3-4558-98A7-BA688D947350}.Debug|Any CPU.ActiveCfg = Debug|Any CPU
		{C90EA84B-D4E3-4558-98A7-BA688D947350}.Debug|Any CPU.Build.0 = Debug|Any CPU
		{C90EA84B-D4E3-4558-98A7-BA688D947350}.Release|Any CPU.ActiveCfg = Release|Any CPU
		{C90EA84B-D4E3-4558-98A7-BA688D947350}.Release|Any CPU.Build.0 = Release|Any CPU
		{8D74646F-34BE-4CE7-AC58-DA59BDEDCEDD}.Debug|Any CPU.ActiveCfg = Debug|Any CPU
		{8D74646F-34BE-4CE7-AC58-DA59BDEDCEDD}.Debug|Any CPU.Build.0 = Debug|Any CPU
		{8D74646F-34BE-4CE7-AC58-DA59BDEDCEDD}.Release|Any CPU.ActiveCfg = Release|Any CPU
		{8D74646F-34BE-4CE7-AC58-DA59BDEDCEDD}.Release|Any CPU.Build.0 = Release|Any CPU
		{E0721196-4E8E-4559-9956-A8CD384C1602}.Debug|Any CPU.ActiveCfg = Debug|Any CPU
		{E0721196-4E8E-4559-9956-A8CD384C1602}.Debug|Any CPU.Build.0 = Debug|Any CPU
		{E0721196-4E8E-4559-9956-A8CD384C1602}.Release|Any CPU.ActiveCfg = Release|Any CPU
		{E0721196-4E8E-4559-9956-A8CD384C1602}.Release|Any CPU.Build.0 = Release|Any CPU
	EndGlobalSection
	GlobalSection(NestedProjects) = preSolution
		{07659B0C-1542-4265-BF9A-7294EBB26EC2} = {72812B90-8351-4296-8F06-E44C8982CDD2}
		{DA7F0C73-50DE-4414-8C38-BA7BF8642FF9} = {72812B90-8351-4296-8F06-E44C8982CDD2}
		{64F33271-C684-4AC8-A8D7-6AE8DB8500A7} = {72812B90-8351-4296-8F06-E44C8982CDD2}
		{C90EA84B-D4E3-4558-98A7-BA688D947350} = {72812B90-8351-4296-8F06-E44C8982CDD2}
		{8D74646F-34BE-4CE7-AC58-DA59BDEDCEDD} = {11BAD609-DA07-4766-9A31-120AC5D36B2C}
		{E0721196-4E8E-4559-9956-A8CD384C1602} = {11BAD609-DA07-4766-9A31-120AC5D36B2C}
	EndGlobalSection
EndGlobal
